
Microsoft Visual Studio Solution File, Format Version 12.00
# Visual Studio Version 16
VisualStudioVersion = 16.0.30225.117
MinimumVisualStudioVersion = 10.0.40219.1
Project("{FAE04EC0-301F-11D3-BF4B-00C04F79EFBC}") = "InfinityNavigation.Android", "InfinityNavigation.Android\InfinityNavigation.Android.csproj", "{9CBD77D7-6B39-400C-8D94-6187A2494A08}"
EndProject
Project("{FAE04EC0-301F-11D3-BF4B-00C04F79EFBC}") = "InfinityNavigation", "InfinityNavigation\InfinityNavigation.csproj", "{3F54090B-C1E2-4F5B-AEB1-CECCDACEE459}"
EndProject
Global
	GlobalSection(SolutionConfigurationPlatforms) = preSolution
		Debug|Any CPU = Debug|Any CPU
		Release|Any CPU = Release|Any CPU
	EndGlobalSection
	GlobalSection(ProjectConfigurationPlatforms) = postSolution
		{9CBD77D7-6B39-400C-8D94-6187A2494A08}.Debug|Any CPU.ActiveCfg = Debug|Any CPU
		{9CBD77D7-6B39-400C-8D94-6187A2494A08}.Debug|Any CPU.Build.0 = Debug|Any CPU
		{9CBD77D7-6B39-400C-8D94-6187A2494A08}.Debug|Any CPU.Deploy.0 = Debug|Any CPU
		{9CBD77D7-6B39-400C-8D94-6187A2494A08}.Release|Any CPU.ActiveCfg = Release|Any CPU
		{9CBD77D7-6B39-400C-8D94-6187A2494A08}.Release|Any CPU.Build.0 = Release|Any CPU
		{9CBD77D7-6B39-400C-8D94-6187A2494A08}.Release|Any CPU.Deploy.0 = Release|Any CPU
		{3F54090B-C1E2-4F5B-AEB1-CECCDACEE459}.Debug|Any CPU.ActiveCfg = Debug|Any CPU
		{3F54090B-C1E2-4F5B-AEB1-CECCDACEE459}.Debug|Any CPU.Build.0 = Debug|Any CPU
		{3F54090B-C1E2-4F5B-AEB1-CECCDACEE459}.Debug|Any CPU.Deploy.0 = Debug|Any CPU
		{3F54090B-C1E2-4F5B-AEB1-CECCDACEE459}.Release|Any CPU.ActiveCfg = Release|Any CPU
		{3F54090B-C1E2-4F5B-AEB1-CECCDACEE459}.Release|Any CPU.Build.0 = Release|Any CPU
		{3F54090B-C1E2-4F5B-AEB1-CECCDACEE459}.Release|Any CPU.Deploy.0 = Release|Any CPU
	EndGlobalSection
	GlobalSection(SolutionProperties) = preSolution
		HideSolutionNode = FALSE
	EndGlobalSection
	GlobalSection(ExtensibilityGlobals) = postSolution
		SolutionGuid = {6B465DFB-5E2D-4630-B994-9433D876D203}
	EndGlobalSection
EndGlobal
